// !$*UTF8*$!
{
	archiveVersion = 1;
	classes = {
	};
	objectVersion = 56;
	objects = {

/* Begin PBXBuildFile section */
		6D5AE5EC2B969CBC004D4D0D /* SearchViewModelTests.swift in Sources */ = {isa = PBXBuildFile; fileRef = 6D5AE5EB2B969CBC004D4D0D /* SearchViewModelTests.swift */; };
		6D7492D02B926FCE00722283 /* PorcupineApp.swift in Sources */ = {isa = PBXBuildFile; fileRef = 6D7492CF2B926FCE00722283 /* PorcupineApp.swift */; };
		6D7492D22B926FCE00722283 /* SearchView.swift in Sources */ = {isa = PBXBuildFile; fileRef = 6D7492D12B926FCE00722283 /* SearchView.swift */; };
		6D7492D42B926FD000722283 /* Assets.xcassets in Resources */ = {isa = PBXBuildFile; fileRef = 6D7492D32B926FD000722283 /* Assets.xcassets */; };
		6D7492D72B926FD000722283 /* Preview Assets.xcassets in Resources */ = {isa = PBXBuildFile; fileRef = 6D7492D62B926FD000722283 /* Preview Assets.xcassets */; };
		6D7492E02B92708900722283 /* ImageDetailView.swift in Sources */ = {isa = PBXBuildFile; fileRef = 6D7492DF2B92708900722283 /* ImageDetailView.swift */; };
		6D7492E72B927F0F00722283 /* ImageDetailViewModel.swift in Sources */ = {isa = PBXBuildFile; fileRef = 6D7492E62B927F0F00722283 /* ImageDetailViewModel.swift */; };
		6D7492E92B927F1B00722283 /* SearchViewModel.swift in Sources */ = {isa = PBXBuildFile; fileRef = 6D7492E82B927F1B00722283 /* SearchViewModel.swift */; };
		6D7492EB2B92805100722283 /* FlickrResponse.swift in Sources */ = {isa = PBXBuildFile; fileRef = 6D7492EA2B92805100722283 /* FlickrResponse.swift */; };
		6D7492ED2B92895400722283 /* NetworkManager.swift in Sources */ = {isa = PBXBuildFile; fileRef = 6D7492EC2B92895400722283 /* NetworkManager.swift */; };
/* End PBXBuildFile section */

/* Begin PBXContainerItemProxy section */
		6D5AE5E62B969C61004D4D0D /* PBXContainerItemProxy */ = {
			isa = PBXContainerItemProxy;
			containerPortal = 6D7492C42B926FCE00722283 /* Project object */;
			proxyType = 1;
			remoteGlobalIDString = 6D7492CB2B926FCE00722283;
			remoteInfo = Porcupine;
		};
/* End PBXContainerItemProxy section */

/* Begin PBXFileReference section */
		6D5AE5E22B969C61004D4D0D /* PorcupineTests.xctest */ = {isa = PBXFileReference; explicitFileType = wrapper.cfbundle; includeInIndex = 0; path = PorcupineTests.xctest; sourceTree = BUILT_PRODUCTS_DIR; };
		6D5AE5EB2B969CBC004D4D0D /* SearchViewModelTests.swift */ = {isa = PBXFileReference; lastKnownFileType = sourcecode.swift; path = SearchViewModelTests.swift; sourceTree = "<group>"; };
		6D7492CC2B926FCE00722283 /* Porcupine.app */ = {isa = PBXFileReference; explicitFileType = wrapper.application; includeInIndex = 0; path = Porcupine.app; sourceTree = BUILT_PRODUCTS_DIR; };
		6D7492CF2B926FCE00722283 /* PorcupineApp.swift */ = {isa = PBXFileReference; lastKnownFileType = sourcecode.swift; path = PorcupineApp.swift; sourceTree = "<group>"; };
		6D7492D12B926FCE00722283 /* SearchView.swift */ = {isa = PBXFileReference; lastKnownFileType = sourcecode.swift; path = SearchView.swift; sourceTree = "<group>"; };
		6D7492D32B926FD000722283 /* Assets.xcassets */ = {isa = PBXFileReference; lastKnownFileType = folder.assetcatalog; path = Assets.xcassets; sourceTree = "<group>"; };
		6D7492D62B926FD000722283 /* Preview Assets.xcassets */ = {isa = PBXFileReference; lastKnownFileType = folder.assetcatalog; path = "Preview Assets.xcassets"; sourceTree = "<group>"; };
		6D7492DF2B92708900722283 /* ImageDetailView.swift */ = {isa = PBXFileReference; lastKnownFileType = sourcecode.swift; path = ImageDetailView.swift; sourceTree = "<group>"; };
		6D7492E62B927F0F00722283 /* ImageDetailViewModel.swift */ = {isa = PBXFileReference; lastKnownFileType = sourcecode.swift; path = ImageDetailViewModel.swift; sourceTree = "<group>"; };
		6D7492E82B927F1B00722283 /* SearchViewModel.swift */ = {isa = PBXFileReference; lastKnownFileType = sourcecode.swift; path = SearchViewModel.swift; sourceTree = "<group>"; };
		6D7492EA2B92805100722283 /* FlickrResponse.swift */ = {isa = PBXFileReference; lastKnownFileType = sourcecode.swift; path = FlickrResponse.swift; sourceTree = "<group>"; };
		6D7492EC2B92895400722283 /* NetworkManager.swift */ = {isa = PBXFileReference; lastKnownFileType = sourcecode.swift; path = NetworkManager.swift; sourceTree = "<group>"; };
/* End PBXFileReference section */

/* Begin PBXFrameworksBuildPhase section */
		6D5AE5DF2B969C61004D4D0D /* Frameworks */ = {
			isa = PBXFrameworksBuildPhase;
			buildActionMask = 2147483647;
			files = (
			);
			runOnlyForDeploymentPostprocessing = 0;
		};
		6D7492C92B926FCE00722283 /* Frameworks */ = {
			isa = PBXFrameworksBuildPhase;
			buildActionMask = 2147483647;
			files = (
			);
			runOnlyForDeploymentPostprocessing = 0;
		};
/* End PBXFrameworksBuildPhase section */

/* Begin PBXGroup section */
		6D5AE5E32B969C61004D4D0D /* PorcupineTests */ = {
			isa = PBXGroup;
			children = (
				6D5AE5EB2B969CBC004D4D0D /* SearchViewModelTests.swift */,
			);
			path = PorcupineTests;
			sourceTree = "<group>";
		};
		6D7492C32B926FCE00722283 = {
			isa = PBXGroup;
			children = (
				6D7492CE2B926FCE00722283 /* Porcupine */,
				6D5AE5E32B969C61004D4D0D /* PorcupineTests */,
				6D7492CD2B926FCE00722283 /* Products */,
			);
			sourceTree = "<group>";
		};
		6D7492CD2B926FCE00722283 /* Products */ = {
			isa = PBXGroup;
			children = (
				6D7492CC2B926FCE00722283 /* Porcupine.app */,
				6D5AE5E22B969C61004D4D0D /* PorcupineTests.xctest */,
			);
			name = Products;
			sourceTree = "<group>";
		};
		6D7492CE2B926FCE00722283 /* Porcupine */ = {
			isa = PBXGroup;
			children = (
				6D7492DE2B92706D00722283 /* ImageDetailView */,
				6D7492DD2B92706700722283 /* SearchView */,
				6D7492E42B927EC000722283 /* Models */,
				6D7492E52B927ED200722283 /* Services */,
				6D7492CF2B926FCE00722283 /* PorcupineApp.swift */,
				6D7492D32B926FD000722283 /* Assets.xcassets */,
				6D7492D52B926FD000722283 /* Preview Content */,
			);
			path = Porcupine;
			sourceTree = "<group>";
		};
		6D7492D52B926FD000722283 /* Preview Content */ = {
			isa = PBXGroup;
			children = (
				6D7492D62B926FD000722283 /* Preview Assets.xcassets */,
			);
			path = "Preview Content";
			sourceTree = "<group>";
		};
		6D7492DD2B92706700722283 /* SearchView */ = {
			isa = PBXGroup;
			children = (
				6D7492D12B926FCE00722283 /* SearchView.swift */,
				6D7492E82B927F1B00722283 /* SearchViewModel.swift */,
			);
			path = SearchView;
			sourceTree = "<group>";
		};
		6D7492DE2B92706D00722283 /* ImageDetailView */ = {
			isa = PBXGroup;
			children = (
				6D7492DF2B92708900722283 /* ImageDetailView.swift */,
				6D7492E62B927F0F00722283 /* ImageDetailViewModel.swift */,
			);
			path = ImageDetailView;
			sourceTree = "<group>";
		};
		6D7492E42B927EC000722283 /* Models */ = {
			isa = PBXGroup;
			children = (
				6D7492EA2B92805100722283 /* FlickrResponse.swift */,
			);
			path = Models;
			sourceTree = "<group>";
		};
		6D7492E52B927ED200722283 /* Services */ = {
			isa = PBXGroup;
			children = (
				6D7492EC2B92895400722283 /* NetworkManager.swift */,
			);
			path = Services;
			sourceTree = "<group>";
		};
/* End PBXGroup section */

/* Begin PBXNativeTarget section */
		6D5AE5E12B969C61004D4D0D /* PorcupineTests */ = {
			isa = PBXNativeTarget;
			buildConfigurationList = 6D5AE5E82B969C61004D4D0D /* Build configuration list for PBXNativeTarget "PorcupineTests" */;
			buildPhases = (
				6D5AE5DE2B969C61004D4D0D /* Sources */,
				6D5AE5DF2B969C61004D4D0D /* Frameworks */,
				6D5AE5E02B969C61004D4D0D /* Resources */,
			);
			buildRules = (
			);
			dependencies = (
				6D5AE5E72B969C61004D4D0D /* PBXTargetDependency */,
			);
			name = PorcupineTests;
			productName = PorcupineTests;
			productReference = 6D5AE5E22B969C61004D4D0D /* PorcupineTests.xctest */;
			productType = "com.apple.product-type.bundle.unit-test";
		};
		6D7492CB2B926FCE00722283 /* Porcupine */ = {
			isa = PBXNativeTarget;
			buildConfigurationList = 6D7492DA2B926FD000722283 /* Build configuration list for PBXNativeTarget "Porcupine" */;
			buildPhases = (
				6D7492C82B926FCE00722283 /* Sources */,
				6D7492C92B926FCE00722283 /* Frameworks */,
				6D7492CA2B926FCE00722283 /* Resources */,
			);
			buildRules = (
			);
			dependencies = (
			);
			name = Porcupine;
			productName = Porcupine;
			productReference = 6D7492CC2B926FCE00722283 /* Porcupine.app */;
			productType = "com.apple.product-type.application";
		};
/* End PBXNativeTarget section */

/* Begin PBXProject section */
		6D7492C42B926FCE00722283 /* Project object */ = {
			isa = PBXProject;
			attributes = {
				BuildIndependentTargetsInParallel = 1;
				LastSwiftUpdateCheck = 1520;
				LastUpgradeCheck = 1520;
				TargetAttributes = {
					6D5AE5E12B969C61004D4D0D = {
						CreatedOnToolsVersion = 15.2;
						TestTargetID = 6D7492CB2B926FCE00722283;
					};
					6D7492CB2B926FCE00722283 = {
						CreatedOnToolsVersion = 15.2;
					};
				};
			};
			buildConfigurationList = 6D7492C72B926FCE00722283 /* Build configuration list for PBXProject "Porcupine" */;
			compatibilityVersion = "Xcode 14.0";
			developmentRegion = en;
			hasScannedForEncodings = 0;
			knownRegions = (
				en,
				Base,
			);
			mainGroup = 6D7492C32B926FCE00722283;
			productRefGroup = 6D7492CD2B926FCE00722283 /* Products */;
			projectDirPath = "";
			projectRoot = "";
			targets = (
				6D7492CB2B926FCE00722283 /* Porcupine */,
				6D5AE5E12B969C61004D4D0D /* PorcupineTests */,
			);
		};
/* End PBXProject section */

/* Begin PBXResourcesBuildPhase section */
		6D5AE5E02B969C61004D4D0D /* Resources */ = {
			isa = PBXResourcesBuildPhase;
			buildActionMask = 2147483647;
			files = (
			);
			runOnlyForDeploymentPostprocessing = 0;
		};
		6D7492CA2B926FCE00722283 /* Resources */ = {
			isa = PBXResourcesBuildPhase;
			buildActionMask = 2147483647;
			files = (
				6D7492D72B926FD000722283 /* Preview Assets.xcassets in Resources */,
				6D7492D42B926FD000722283 /* Assets.xcassets in Resources */,
			);
			runOnlyForDeploymentPostprocessing = 0;
		};
/* End PBXResourcesBuildPhase section */

/* Begin PBXSourcesBuildPhase section */
		6D5AE5DE2B969C61004D4D0D /* Sources */ = {
			isa = PBXSourcesBuildPhase;
			buildActionMask = 2147483647;
			files = (
				6D5AE5EC2B969CBC004D4D0D /* SearchViewModelTests.swift in Sources */,
			);
			runOnlyForDeploymentPostprocessing = 0;
		};
		6D7492C82B926FCE00722283 /* Sources */ = {
			isa = PBXSourcesBuildPhase;
			buildActionMask = 2147483647;
			files = (
				6D7492D22B926FCE00722283 /* SearchView.swift in Sources */,
				6D7492E92B927F1B00722283 /* SearchViewModel.swift in Sources */,
				6D7492D02B926FCE00722283 /* PorcupineApp.swift in Sources */,
				6D7492ED2B92895400722283 /* NetworkManager.swift in Sources */,
				6D7492E02B92708900722283 /* ImageDetailView.swift in Sources */,
				6D7492E72B927F0F00722283 /* ImageDetailViewModel.swift in Sources */,
				6D7492EB2B92805100722283 /* FlickrResponse.swift in Sources */,
			);
			runOnlyForDeploymentPostprocessing = 0;
		};
/* End PBXSourcesBuildPhase section */

/* Begin PBXTargetDependency section */
		6D5AE5E72B969C61004D4D0D /* PBXTargetDependency */ = {
			isa = PBXTargetDependency;
			target = 6D7492CB2B926FCE00722283 /* Porcupine */;
			targetProxy = 6D5AE5E62B969C61004D4D0D /* PBXContainerItemProxy */;
		};
/* End PBXTargetDependency section */

/* Begin XCBuildConfiguration section */
		6D5AE5E92B969C61004D4D0D /* Debug */ = {
			isa = XCBuildConfiguration;
			buildSettings = {
				BUNDLE_LOADER = "$(TEST_HOST)";
				CODE_SIGN_STYLE = Automatic;
				CURRENT_PROJECT_VERSION = 1;
				DEVELOPMENT_TEAM = UF6VMC4NEN;
				GENERATE_INFOPLIST_FILE = YES;
				MARKETING_VERSION = 1.0;
				PRODUCT_BUNDLE_IDENTIFIER = com..PorcupineTests;
				PRODUCT_NAME = "$(TARGET_NAME)";
				SWIFT_EMIT_LOC_STRINGS = NO;
				SWIFT_VERSION = 5.0;
				TARGETED_DEVICE_FAMILY = "1,2";
				TEST_HOST = "$(BUILT_PRODUCTS_DIR)/Porcupine.app/$(BUNDLE_EXECUTABLE_FOLDER_PATH)/Porcupine";
			};
			name = Debug;
		};
		6D5AE5EA2B969C61004D4D0D /* Release */ = {
			isa = XCBuildConfiguration;
			buildSettings = {
				BUNDLE_LOADER = "$(TEST_HOST)";
				CODE_SIGN_STYLE = Automatic;
				CURRENT_PROJECT_VERSION = 1;
				DEVELOPMENT_TEAM = UF6VMC4NEN;
				GENERATE_INFOPLIST_FILE = YES;
				MARKETING_VERSION = 1.0;
				PRODUCT_BUNDLE_IDENTIFIER = com..PorcupineTests;
				PRODUCT_NAME = "$(TARGET_NAME)";
				SWIFT_EMIT_LOC_STRINGS = NO;
				SWIFT_VERSION = 5.0;
				TARGETED_DEVICE_FAMILY = "1,2";
				TEST_HOST = "$(BUILT_PRODUCTS_DIR)/Porcupine.app/$(BUNDLE_EXECUTABLE_FOLDER_PATH)/Porcupine";
			};
			name = Release;
		};
		6D7492D82B926FD000722283 /* Debug */ = {
			isa = XCBuildConfiguration;
			buildSettings = {
				ALWAYS_SEARCH_USER_PATHS = NO;
				ASSETCATALOG_COMPILER_GENERATE_SWIFT_ASSET_SYMBOL_EXTENSIONS = YES;
				CLANG_ANALYZER_NONNULL = YES;
				CLANG_ANALYZER_NUMBER_OBJECT_CONVERSION = YES_AGGRESSIVE;
				CLANG_CXX_LANGUAGE_STANDARD = "gnu++20";
				CLANG_ENABLE_MODULES = YES;
				CLANG_ENABLE_OBJC_ARC = YES;
				CLANG_ENABLE_OBJC_WEAK = YES;
				CLANG_WARN_BLOCK_CAPTURE_AUTORELEASING = YES;
				CLANG_WARN_BOOL_CONVERSION = YES;
				CLANG_WARN_COMMA = YES;
				CLANG_WARN_CONSTANT_CONVERSION = YES;
				CLANG_WARN_DEPRECATED_OBJC_IMPLEMENTATIONS = YES;
				CLANG_WARN_DIRECT_OBJC_ISA_USAGE = YES_ERROR;
				CLANG_WARN_DOCUMENTATION_COMMENTS = YES;
				CLANG_WARN_EMPTY_BODY = YES;
				CLANG_WARN_ENUM_CONVERSION = YES;
				CLANG_WARN_INFINITE_RECURSION = YES;
				CLANG_WARN_INT_CONVERSION = YES;
				CLANG_WARN_NON_LITERAL_NULL_CONVERSION = YES;
				CLANG_WARN_OBJC_IMPLICIT_RETAIN_SELF = YES;
				CLANG_WARN_OBJC_LITERAL_CONVERSION = YES;
				CLANG_WARN_OBJC_ROOT_CLASS = YES_ERROR;
				CLANG_WARN_QUOTED_INCLUDE_IN_FRAMEWORK_HEADER = YES;
				CLANG_WARN_RANGE_LOOP_ANALYSIS = YES;
				CLANG_WARN_STRICT_PROTOTYPES = YES;
				CLANG_WARN_SUSPICIOUS_MOVE = YES;
				CLANG_WARN_UNGUARDED_AVAILABILITY = YES_AGGRESSIVE;
				CLANG_WARN_UNREACHABLE_CODE = YES;
				CLANG_WARN__DUPLICATE_METHOD_MATCH = YES;
				COPY_PHASE_STRIP = NO;
				DEBUG_INFORMATION_FORMAT = dwarf;
				ENABLE_STRICT_OBJC_MSGSEND = YES;
				ENABLE_TESTABILITY = YES;
				ENABLE_USER_SCRIPT_SANDBOXING = YES;
				GCC_C_LANGUAGE_STANDARD = gnu17;
				GCC_DYNAMIC_NO_PIC = NO;
				GCC_NO_COMMON_BLOCKS = YES;
				GCC_OPTIMIZATION_LEVEL = 0;
				GCC_PREPROCESSOR_DEFINITIONS = (
					"DEBUG=1",
					"$(inherited)",
				);
				GCC_WARN_64_TO_32_BIT_CONVERSION = YES;
				GCC_WARN_ABOUT_RETURN_TYPE = YES_ERROR;
				GCC_WARN_UNDECLARED_SELECTOR = YES;
				GCC_WARN_UNINITIALIZED_AUTOS = YES_AGGRESSIVE;
				GCC_WARN_UNUSED_FUNCTION = YES;
				GCC_WARN_UNUSED_VARIABLE = YES;
				IPHONEOS_DEPLOYMENT_TARGET = 17.2;
				LOCALIZATION_PREFERS_STRING_CATALOGS = YES;
				MTL_ENABLE_DEBUG_INFO = INCLUDE_SOURCE;
				MTL_FAST_MATH = YES;
				ONLY_ACTIVE_ARCH = YES;
				SDKROOT = iphoneos;
				SWIFT_ACTIVE_COMPILATION_CONDITIONS = "DEBUG $(inherited)";
				SWIFT_OPTIMIZATION_LEVEL = "-Onone";
			};
			name = Debug;
		};
		6D7492D92B926FD000722283 /* Release */ = {
			isa = XCBuildConfiguration;
			buildSettings = {
				ALWAYS_SEARCH_USER_PATHS = NO;
				ASSETCATALOG_COMPILER_GENERATE_SWIFT_ASSET_SYMBOL_EXTENSIONS = YES;
				CLANG_ANALYZER_NONNULL = YES;
				CLANG_ANALYZER_NUMBER_OBJECT_CONVERSION = YES_AGGRESSIVE;
				CLANG_CXX_LANGUAGE_STANDARD = "gnu++20";
				CLANG_ENABLE_MODULES = YES;
				CLANG_ENABLE_OBJC_ARC = YES;
				CLANG_ENABLE_OBJC_WEAK = YES;
				CLANG_WARN_BLOCK_CAPTURE_AUTORELEASING = YES;
				CLANG_WARN_BOOL_CONVERSION = YES;
				CLANG_WARN_COMMA = YES;
				CLANG_WARN_CONSTANT_CONVERSION = YES;
				CLANG_WARN_DEPRECATED_OBJC_IMPLEMENTATIONS = YES;
				CLANG_WARN_DIRECT_OBJC_ISA_USAGE = YES_ERROR;
				CLANG_WARN_DOCUMENTATION_COMMENTS = YES;
				CLANG_WARN_EMPTY_BODY = YES;
				CLANG_WARN_ENUM_CONVERSION = YES;
				CLANG_WARN_INFINITE_RECURSION = YES;
				CLANG_WARN_INT_CONVERSION = YES;
				CLANG_WARN_NON_LITERAL_NULL_CONVERSION = YES;
				CLANG_WARN_OBJC_IMPLICIT_RETAIN_SELF = YES;
				CLANG_WARN_OBJC_LITERAL_CONVERSION = YES;
				CLANG_WARN_OBJC_ROOT_CLASS = YES_ERROR;
				CLANG_WARN_QUOTED_INCLUDE_IN_FRAMEWORK_HEADER = YES;
				CLANG_WARN_RANGE_LOOP_ANALYSIS = YES;
				CLANG_WARN_STRICT_PROTOTYPES = YES;
				CLANG_WARN_SUSPICIOUS_MOVE = YES;
				CLANG_WARN_UNGUARDED_AVAILABILITY = YES_AGGRESSIVE;
				CLANG_WARN_UNREACHABLE_CODE = YES;
				CLANG_WARN__DUPLICATE_METHOD_MATCH = YES;
				COPY_PHASE_STRIP = NO;
				DEBUG_INFORMATION_FORMAT = "dwarf-with-dsym";
				ENABLE_NS_ASSERTIONS = NO;
				ENABLE_STRICT_OBJC_MSGSEND = YES;
				ENABLE_USER_SCRIPT_SANDBOXING = YES;
				GCC_C_LANGUAGE_STANDARD = gnu17;
				GCC_NO_COMMON_BLOCKS = YES;
				GCC_WARN_64_TO_32_BIT_CONVERSION = YES;
				GCC_WARN_ABOUT_RETURN_TYPE = YES_ERROR;
				GCC_WARN_UNDECLARED_SELECTOR = YES;
				GCC_WARN_UNINITIALIZED_AUTOS = YES_AGGRESSIVE;
				GCC_WARN_UNUSED_FUNCTION = YES;
				GCC_WARN_UNUSED_VARIABLE = YES;
				IPHONEOS_DEPLOYMENT_TARGET = 17.2;
				LOCALIZATION_PREFERS_STRING_CATALOGS = YES;
				MTL_ENABLE_DEBUG_INFO = NO;
				MTL_FAST_MATH = YES;
				SDKROOT = iphoneos;
				SWIFT_COMPILATION_MODE = wholemodule;
				VALIDATE_PRODUCT = YES;
			};
			name = Release;
		};
		6D7492DB2B926FD000722283 /* Debug */ = {
			isa = XCBuildConfiguration;
			buildSettings = {
				ASSETCATALOG_COMPILER_APPICON_NAME = AppIcon;
				ASSETCATALOG_COMPILER_GLOBAL_ACCENT_COLOR_NAME = AccentColor;
				CODE_SIGN_STYLE = Automatic;
				CURRENT_PROJECT_VERSION = 1;
				DEVELOPMENT_ASSET_PATHS = "\"Porcupine/Preview Content\"";
				DEVELOPMENT_TEAM = UF6VMC4NEN;
				ENABLE_PREVIEWS = YES;
				GENERATE_INFOPLIST_FILE = YES;
				INFOPLIST_KEY_UIApplicationSceneManifest_Generation = YES;
				INFOPLIST_KEY_UIApplicationSupportsIndirectInputEvents = YES;
				INFOPLIST_KEY_UILaunchScreen_Generation = YES;
				INFOPLIST_KEY_UISupportedInterfaceOrientations_iPad = "UIInterfaceOrientationPortrait UIInterfaceOrientationPortraitUpsideDown UIInterfaceOrientationLandscapeLeft UIInterfaceOrientationLandscapeRight";
				INFOPLIST_KEY_UISupportedInterfaceOrientations_iPhone = "UIInterfaceOrientationPortrait UIInterfaceOrientationLandscapeLeft UIInterfaceOrientationLandscapeRight";
				LD_RUNPATH_SEARCH_PATHS = (
					"$(inherited)",
					"@executable_path/Frameworks",
				);
				MARKETING_VERSION = 1.0;
				PRODUCT_BUNDLE_IDENTIFIER = com..Porcupine;
				PRODUCT_NAME = "$(TARGET_NAME)";
				SWIFT_EMIT_LOC_STRINGS = YES;
				SWIFT_VERSION = 5.0;
				TARGETED_DEVICE_FAMILY = "1,2";
			};
			name = Debug;
		};
		6D7492DC2B926FD000722283 /* Release */ = {
			isa = XCBuildConfiguration;
			buildSettings = {
				ASSETCATALOG_COMPILER_APPICON_NAME = AppIcon;
				ASSETCATALOG_COMPILER_GLOBAL_ACCENT_COLOR_NAME = AccentColor;
				CODE_SIGN_STYLE = Automatic;
				CURRENT_PROJECT_VERSION = 1;
				DEVELOPMENT_ASSET_PATHS = "\"Porcupine/Preview Content\"";
				DEVELOPMENT_TEAM = UF6VMC4NEN;
				ENABLE_PREVIEWS = YES;
				GENERATE_INFOPLIST_FILE = YES;
				INFOPLIST_KEY_UIApplicationSceneManifest_Generation = YES;
				INFOPLIST_KEY_UIApplicationSupportsIndirectInputEvents = YES;
				INFOPLIST_KEY_UILaunchScreen_Generation = YES;
				INFOPLIST_KEY_UISupportedInterfaceOrientations_iPad = "UIInterfaceOrientationPortrait UIInterfaceOrientationPortraitUpsideDown UIInterfaceOrientationLandscapeLeft UIInterfaceOrientationLandscapeRight";
				INFOPLIST_KEY_UISupportedInterfaceOrientations_iPhone = "UIInterfaceOrientationPortrait UIInterfaceOrientationLandscapeLeft UIInterfaceOrientationLandscapeRight";
				LD_RUNPATH_SEARCH_PATHS = (
					"$(inherited)",
					"@executable_path/Frameworks",
				);
				MARKETING_VERSION = 1.0;
				PRODUCT_BUNDLE_IDENTIFIER = com..Porcupine;
				PRODUCT_NAME = "$(TARGET_NAME)";
				SWIFT_EMIT_LOC_STRINGS = YES;
				SWIFT_VERSION = 5.0;
				TARGETED_DEVICE_FAMILY = "1,2";
			};
			name = Release;
		};
/* End XCBuildConfiguration section */

/* Begin XCConfigurationList section */
		6D5AE5E82B969C61004D4D0D /* Build configuration list for PBXNativeTarget "PorcupineTests" */ = {
			isa = XCConfigurationList;
			buildConfigurations = (
				6D5AE5E92B969C61004D4D0D /* Debug */,
				6D5AE5EA2B969C61004D4D0D /* Release */,
			);
			defaultConfigurationIsVisible = 0;
			defaultConfigurationName = Release;
		};
		6D7492C72B926FCE00722283 /* Build configuration list for PBXProject "Porcupine" */ = {
			isa = XCConfigurationList;
			buildConfigurations = (
				6D7492D82B926FD000722283 /* Debug */,
				6D7492D92B926FD000722283 /* Release */,
			);
			defaultConfigurationIsVisible = 0;
			defaultConfigurationName = Release;
		};
		6D7492DA2B926FD000722283 /* Build configuration list for PBXNativeTarget "Porcupine" */ = {
			isa = XCConfigurationList;
			buildConfigurations = (
				6D7492DB2B926FD000722283 /* Debug */,
				6D7492DC2B926FD000722283 /* Release */,
			);
			defaultConfigurationIsVisible = 0;
			defaultConfigurationName = Release;
		};
/* End XCConfigurationList section */
	};
	rootObject = 6D7492C42B926FCE00722283 /* Project object */;
}
